// !$*UTF8*$!
{
	archiveVersion = 1;
	classes = {
	};
	objectVersion = 46;
	objects = {

/* Begin PBXBuildFile section */
		C19FF7031CAC527D008AC2E6 /* AppDelegate.swift in Sources */ = {isa = PBXBuildFile; fileRef = C19FF7021CAC527D008AC2E6 /* AppDelegate.swift */; };
		C19FF7051CAC527D008AC2E6 /* ViewController.swift in Sources */ = {isa = PBXBuildFile; fileRef = C19FF7041CAC527D008AC2E6 /* ViewController.swift */; };
		C19FF7081CAC527D008AC2E6 /* Main.storyboard in Resources */ = {isa = PBXBuildFile; fileRef = C19FF7061CAC527D008AC2E6 /* Main.storyboard */; };
		C19FF70A1CAC527D008AC2E6 /* Assets.xcassets in Resources */ = {isa = PBXBuildFile; fileRef = C19FF7091CAC527D008AC2E6 /* Assets.xcassets */; };
		C19FF70D1CAC527D008AC2E6 /* LaunchScreen.storyboard in Resources */ = {isa = PBXBuildFile; fileRef = C19FF70B1CAC527D008AC2E6 /* LaunchScreen.storyboard */; };
/* End PBXBuildFile section */

/* Begin PBXFileReference section */
		C19FF6FF1CAC527D008AC2E6 /* TaskIt.app */ = {isa = PBXFileReference; explicitFileType = wrapper.application; includeInIndex = 0; path = TaskIt.app; sourceTree = BUILT_PRODUCTS_DIR; };
		C19FF7021CAC527D008AC2E6 /* AppDelegate.swift */ = {isa = PBXFileReference; lastKnownFileType = sourcecode.swift; path = AppDelegate.swift; sourceTree = "<group>"; };
		C19FF7041CAC527D008AC2E6 /* ViewController.swift */ = {isa = PBXFileReference; lastKnownFileType = sourcecode.swift; path = ViewController.swift; sourceTree = "<group>"; };
		C19FF7071CAC527D008AC2E6 /* Base */ = {isa = PBXFileReference; lastKnownFileType = file.storyboard; name = Base; path = Base.lproj/Main.storyboard; sourceTree = "<group>"; };
		C19FF7091CAC527D008AC2E6 /* Assets.xcassets */ = {isa = PBXFileReference; lastKnownFileType = folder.assetcatalog; path = Assets.xcassets; sourceTree = "<group>"; };
		C19FF70C1CAC527D008AC2E6 /* Base */ = {isa = PBXFileReference; lastKnownFileType = file.storyboard; name = Base; path = Base.lproj/LaunchScreen.storyboard; sourceTree = "<group>"; };
		C19FF70E1CAC527D008AC2E6 /* Info.plist */ = {isa = PBXFileReference; lastKnownFileType = text.plist.xml; path = Info.plist; sourceTree = "<group>"; };
/* End PBXFileReference section */

/* Begin PBXFrameworksBuildPhase section */
		C19FF6FC1CAC527D008AC2E6 /* Frameworks */ = {
			isa = PBXFrameworksBuildPhase;
			buildActionMask = 2147483647;
			files = (
			);
			runOnlyForDeploymentPostprocessing = 0;
		};
/* End PBXFrameworksBuildPhase section */

/* Begin PBXGroup section */
		C19FF6F61CAC527D008AC2E6 = {
			isa = PBXGroup;
			children = (
				C19FF7011CAC527D008AC2E6 /* TaskIt */,
				C19FF7001CAC527D008AC2E6 /* Products */,
			);
			sourceTree = "<group>";
		};
		C19FF7001CAC527D008AC2E6 /* Products */ = {
			isa = PBXGroup;
			children = (
				C19FF6FF1CAC527D008AC2E6 /* TaskIt.app */,
			);
			name = Products;
			sourceTree = "<group>";
		};
		C19FF7011CAC527D008AC2E6 /* TaskIt */ = {
			isa = PBXGroup;
			children = (
				C19FF7021CAC527D008AC2E6 /* AppDelegate.swift */,
				C19FF7041CAC527D008AC2E6 /* ViewController.swift */,
				C19FF7061CAC527D008AC2E6 /* Main.storyboard */,
				C19FF7091CAC527D008AC2E6 /* Assets.xcassets */,
				C19FF70B1CAC527D008AC2E6 /* LaunchScreen.storyboard */,
				C19FF70E1CAC527D008AC2E6 /* Info.plist */,
			);
			path = TaskIt;
			sourceTree = "<group>";
		};
/* End PBXGroup section */

/* Begin PBXNativeTarget section */
		C19FF6FE1CAC527D008AC2E6 /* TaskIt */ = {
			isa = PBXNativeTarget;
			buildConfigurationList = C19FF7111CAC527D008AC2E6 /* Build configuration list for PBXNativeTarget "TaskIt" */;
			buildPhases = (
				C19FF6FB1CAC527D008AC2E6 /* Sources */,
				C19FF6FC1CAC527D008AC2E6 /* Frameworks */,
				C19FF6FD1CAC527D008AC2E6 /* Resources */,
			);
			buildRules = (
			);
			dependencies = (
			);
			name = TaskIt;
			productName = TaskIt;
			productReference = C19FF6FF1CAC527D008AC2E6 /* TaskIt.app */;
			productType = "com.apple.product-type.application";
		};
/* End PBXNativeTarget section */

/* Begin PBXProject section */
		C19FF6F71CAC527D008AC2E6 /* Project object */ = {
			isa = PBXProject;
			attributes = {
				LastSwiftUpdateCheck = 0730;
				LastUpgradeCheck = 0730;
				ORGANIZATIONNAME = "Neil Houselander";
				TargetAttributes = {
					C19FF6FE1CAC527D008AC2E6 = {
						CreatedOnToolsVersion = 7.3;
						DevelopmentTeam = FTM8P5BLUZ;
					};
				};
			};
			buildConfigurationList = C19FF6FA1CAC527D008AC2E6 /* Build configuration list for PBXProject "TaskIt" */;
			compatibilityVersion = "Xcode 3.2";
			developmentRegion = English;
			hasScannedForEncodings = 0;
			knownRegions = (
				en,
				Base,
			);
			mainGroup = C19FF6F61CAC527D008AC2E6;
			productRefGroup = C19FF7001CAC527D008AC2E6 /* Products */;
			projectDirPath = "";
			projectRoot = "";
			targets = (
				C19FF6FE1CAC527D008AC2E6 /* TaskIt */,
			);
		};
/* End PBXProject section */

/* Begin PBXResourcesBuildPhase section */
		C19FF6FD1CAC527D008AC2E6 /* Resources */ = {
			isa = PBXResourcesBuildPhase;
			buildActionMask = 2147483647;
			files = (
				C19FF70D1CAC527D008AC2E6 /* LaunchScreen.storyboard in Resources */,
				C19FF70A1CAC527D008AC2E6 /* Assets.xcassets in Resources */,
				C19FF7081CAC527D008AC2E6 /* Main.storyboard in Resources */,
			);
			runOnlyForDeploymentPostprocessing = 0;
		};
/* End PBXResourcesBuildPhase section */

/* Begin PBXSourcesBuildPhase section */
		C19FF6FB1CAC527D008AC2E6 /* Sources */ = {
			isa = PBXSourcesBuildPhase;
			buildActionMask = 2147483647;
			files = (
				C19FF7051CAC527D008AC2E6 /* ViewController.swift in Sources */,
				C19FF7031CAC527D008AC2E6 /* AppDelegate.swift in Sources */,
			);
			runOnlyForDeploymentPostprocessing = 0;
		};
/* End PBXSourcesBuildPhase section */

/* Begin PBXVariantGroup section */
		C19FF7061CAC527D008AC2E6 /* Main.storyboard */ = {
			isa = PBXVariantGroup;
			children = (
				C19FF7071CAC527D008AC2E6 /* Base */,
			);
			name = Main.storyboard;
			sourceTree = "<group>";
		};
		C19FF70B1CAC527D008AC2E6 /* LaunchScreen.storyboard */ = {
			isa = PBXVariantGroup;
			children = (
				C19FF70C1CAC527D008AC2E6 /* Base */,
			);
			name = LaunchScreen.storyboard;
			sourceTree = "<group>";
		};
/* End PBXVariantGroup section */

/* Begin XCBuildConfiguration section */
		C19FF70F1CAC527D008AC2E6 /* Debug */ = {
			isa = XCBuildConfiguration;
			buildSettings = {
				ALWAYS_SEARCH_USER_PATHS = NO;
				CLANG_ANALYZER_NONNULL = YES;
				CLANG_CXX_LANGUAGE_STANDARD = "gnu++0x";
				CLANG_CXX_LIBRARY = "libc++";
				CLANG_ENABLE_MODULES = YES;
				CLANG_ENABLE_OBJC_ARC = YES;
				CLANG_WARN_BOOL_CONVERSION = YES;
				CLANG_WARN_CONSTANT_CONVERSION = YES;
				CLANG_WARN_DIRECT_OBJC_ISA_USAGE = YES_ERROR;
				CLANG_WARN_EMPTY_BODY = YES;
				CLANG_WARN_ENUM_CONVERSION = YES;
				CLANG_WARN_INT_CONVERSION = YES;
				CLANG_WARN_OBJC_ROOT_CLASS = YES_ERROR;
				CLANG_WARN_UNREACHABLE_CODE = YES;
				CLANG_WARN__DUPLICATE_METHOD_MATCH = YES;
				"CODE_SIGN_IDENTITY[sdk=iphoneos*]" = "iPhone Developer";
				COPY_PHASE_STRIP = NO;
				DEBUG_INFORMATION_FORMAT = dwarf;
				ENABLE_STRICT_OBJC_MSGSEND = YES;
				ENABLE_TESTABILITY = YES;
				GCC_C_LANGUAGE_STANDARD = gnu99;
				GCC_DYNAMIC_NO_PIC = NO;
				GCC_NO_COMMON_BLOCKS = YES;
				GCC_OPTIMIZATION_LEVEL = 0;
				GCC_PREPROCESSOR_DEFINITIONS = (
					"DEBUG=1",
					"$(inherited)",
				);
				GCC_WARN_64_TO_32_BIT_CONVERSION = YES;
				GCC_WARN_ABOUT_RETURN_TYPE = YES_ERROR;
				GCC_WARN_UNDECLARED_SELECTOR = YES;
				GCC_WARN_UNINITIALIZED_AUTOS = YES_AGGRESSIVE;
				GCC_WARN_UNUSED_FUNCTION = YES;
				GCC_WARN_UNUSED_VARIABLE = YES;
				IPHONEOS_DEPLOYMENT_TARGET = 9.3;
				MTL_ENABLE_DEBUG_INFO = YES;
				ONLY_ACTIVE_ARCH = YES;
				SDKROOT = iphoneos;
				SWIFT_OPTIMIZATION_LEVEL = "-Onone";
				TARGETED_DEVICE_FAMILY = "1,2";
			};
			name = Debug;
		};
		C19FF7101CAC527D008AC2E6 /* Release */ = {
			isa = XCBuildConfiguration;
			buildSettings = {
				ALWAYS_SEARCH_USER_PATHS = NO;
				CLANG_ANALYZER_NONNULL = YES;
				CLANG_CXX_LANGUAGE_STANDARD = "gnu++0x";
				CLANG_CXX_LIBRARY = "libc++";
				CLANG_ENABLE_MODULES = YES;
				CLANG_ENABLE_OBJC_ARC = YES;
				CLANG_WARN_BOOL_CONVERSION = YES;
				CLANG_WARN_CONSTANT_CONVERSION = YES;
				CLANG_WARN_DIRECT_OBJC_ISA_USAGE = YES_ERROR;
				CLANG_WARN_EMPTY_BODY = YES;
				CLANG_WARN_ENUM_CONVERSION = YES;
				CLANG_WARN_INT_CONVERSION = YES;
				CLANG_WARN_OBJC_ROOT_CLASS = YES_ERROR;
				CLANG_WARN_UNREACHABLE_CODE = YES;
				CLANG_WARN__DUPLICATE_METHOD_MATCH = YES;
				"CODE_SIGN_IDENTITY[sdk=iphoneos*]" = "iPhone Developer";
				COPY_PHASE_STRIP = NO;
				DEBUG_INFORMATION_FORMAT = "dwarf-with-dsym";
				ENABLE_NS_ASSERTIONS = NO;
				ENABLE_STRICT_OBJC_MSGSEND = YES;
				GCC_C_LANGUAGE_STANDARD = gnu99;
				GCC_NO_COMMON_BLOCKS = YES;
				GCC_WARN_64_TO_32_BIT_CONVERSION = YES;
				GCC_WARN_ABOUT_RETURN_TYPE = YES_ERROR;
				GCC_WARN_UNDECLARED_SELECTOR = YES;
				GCC_WARN_UNINITIALIZED_AUTOS = YES_AGGRESSIVE;
				GCC_WARN_UNUSED_FUNCTION = YES;
				GCC_WARN_UNUSED_VARIABLE = YES;
				IPHONEOS_DEPLOYMENT_TARGET = 9.3;
				MTL_ENABLE_DEBUG_INFO = NO;
				SDKROOT = iphoneos;
				TARGETED_DEVICE_FAMILY = "1,2";
				VALIDATE_PRODUCT = YES;
			};
			name = Release;
		};
		C19FF7121CAC527D008AC2E6 /* Debug */ = {
			isa = XCBuildConfiguration;
			buildSettings = {
				ASSETCATALOG_COMPILER_APPICON_NAME = AppIcon;
				INFOPLIST_FILE = TaskIt/Info.plist;
				LD_RUNPATH_SEARCH_PATHS = "$(inherited) @executable_path/Frameworks";
				PRODUCT_BUNDLE_IDENTIFIER = House.TaskIt;
				PRODUCT_NAME = "$(TARGET_NAME)";
			};
			name = Debug;
		};
		C19FF7131CAC527D008AC2E6 /* Release */ = {
			isa = XCBuildConfiguration;
			buildSettings = {
				ASSETCATALOG_COMPILER_APPICON_NAME = AppIcon;
				INFOPLIST_FILE = TaskIt/Info.plist;
				LD_RUNPATH_SEARCH_PATHS = "$(inherited) @executable_path/Frameworks";
				PRODUCT_BUNDLE_IDENTIFIER = House.TaskIt;
				PRODUCT_NAME = "$(TARGET_NAME)";
			};
			name = Release;
		};
/* End XCBuildConfiguration section */

/* Begin XCConfigurationList section */
		C19FF6FA1CAC527D008AC2E6 /* Build configuration list for PBXProject "TaskIt" */ = {
			isa = XCConfigurationList;
			buildConfigurations = (
				C19FF70F1CAC527D008AC2E6 /* Debug */,
				C19FF7101CAC527D008AC2E6 /* Release */,
			);
			defaultConfigurationIsVisible = 0;
			defaultConfigurationName = Release;
		};
		C19FF7111CAC527D008AC2E6 /* Build configuration list for PBXNativeTarget "TaskIt" */ = {
			isa = XCConfigurationList;
			buildConfigurations = (
				C19FF7121CAC527D008AC2E6 /* Debug */,
				C19FF7131CAC527D008AC2E6 /* Release */,
			);
			defaultConfigurationIsVisible = 0;
		};
/* End XCConfigurationList section */
	};
	rootObject = C19FF6F71CAC527D008AC2E6 /* Project object */;
}
